
Microsoft Visual Studio Solution File, Format Version 12.00
# Visual Studio Version 16
VisualStudioVersion = 16.0.31702.278
MinimumVisualStudioVersion = 10.0.40219.1
Project("{FAE04EC0-301F-11D3-BF4B-00C04F79EFBC}") = "12M.StokEkstresi.Desktop", "12M.StokEkstresi.Desktop\12M.StokEkstresi.Desktop.csproj", "{634B4B58-1EC1-4F9C-9998-799EB47CCF78}"
EndProject
Global
	GlobalSection(SolutionConfigurationPlatforms) = preSolution
		Debug|Any CPU = Debug|Any CPU
		Release|Any CPU = Release|Any CPU
	EndGlobalSection
	GlobalSection(ProjectConfigurationPlatforms) = postSolution
		{634B4B58-1EC1-4F9C-9998-799EB47CCF78}.Debug|Any CPU.ActiveCfg = Debug|Any CPU
		{634B4B58-1EC1-4F9C-9998-799EB47CCF78}.Debug|Any CPU.Build.0 = Debug|Any CPU
		{634B4B58-1EC1-4F9C-9998-799EB47CCF78}.Release|Any CPU.ActiveCfg = Release|Any CPU
		{634B4B58-1EC1-4F9C-9998-799EB47CCF78}.Release|Any CPU.Build.0 = Release|Any CPU
	EndGlobalSection
	GlobalSection(SolutionProperties) = preSolution
		HideSolutionNode = FALSE
	EndGlobalSection
	GlobalSection(ExtensibilityGlobals) = postSolution
		SolutionGuid = {02DE3E36-19DA-4F5C-B0D6-8FA3DD0D543E}
	EndGlobalSection
EndGlobal
